
Microsoft Visual Studio Solution File, Format Version 12.00
# Visual Studio Version 17
VisualStudioVersion = 17.4.33403.182
MinimumVisualStudioVersion = 10.0.40219.1
Project("{FAE04EC0-301F-11D3-BF4B-00C04F79EFBC}") = "AppUsersManage", "task4_4\AppUsersManage.csproj", "{94D2E5DC-EBED-4D1E-9A48-778F800EDBC1}"
EndProject
Global
	GlobalSection(SolutionConfigurationPlatforms) = preSolution
		Debug|Any CPU = Debug|Any CPU
		Release|Any CPU = Release|Any CPU
	EndGlobalSection
	GlobalSection(ProjectConfigurationPlatforms) = postSolution
		{94D2E5DC-EBED-4D1E-9A48-778F800EDBC1}.Debug|Any CPU.ActiveCfg = Debug|Any CPU
		{94D2E5DC-EBED-4D1E-9A48-778F800EDBC1}.Debug|Any CPU.Build.0 = Debug|Any CPU
		{94D2E5DC-EBED-4D1E-9A48-778F800EDBC1}.Release|Any CPU.ActiveCfg = Release|Any CPU
		{94D2E5DC-EBED-4D1E-9A48-778F800EDBC1}.Release|Any CPU.Build.0 = Release|Any CPU
	EndGlobalSection
	GlobalSection(SolutionProperties) = preSolution
		HideSolutionNode = FALSE
	EndGlobalSection
	GlobalSection(ExtensibilityGlobals) = postSolution
		SolutionGuid = {A8F9B5F7-FC84-4BAD-87C7-99F1BCBC5096}
	EndGlobalSection
EndGlobal
